
Microsoft Visual Studio Solution File, Format Version 12.00
# Visual Studio Version 16
VisualStudioVersion = 16.0.31129.286
MinimumVisualStudioVersion = 10.0.40219.1
Project("{FAE04EC0-301F-11D3-BF4B-00C04F79EFBC}") = "RealTimeEconomyMonitor", "RealTimeEconomyMonitor\RealTimeEconomyMonitor.csproj", "{D5681203-6BC4-4022-AFD1-928B32B24CF5}"
EndProject
Global
	GlobalSection(SolutionConfigurationPlatforms) = preSolution
		Debug|Any CPU = Debug|Any CPU
		Release|Any CPU = Release|Any CPU
	EndGlobalSection
	GlobalSection(ProjectConfigurationPlatforms) = postSolution
		{D5681203-6BC4-4022-AFD1-928B32B24CF5}.Debug|Any CPU.ActiveCfg = Debug|Any CPU
		{D5681203-6BC4-4022-AFD1-928B32B24CF5}.Debug|Any CPU.Build.0 = Debug|Any CPU
		{D5681203-6BC4-4022-AFD1-928B32B24CF5}.Release|Any CPU.ActiveCfg = Release|Any CPU
		{D5681203-6BC4-4022-AFD1-928B32B24CF5}.Release|Any CPU.Build.0 = Release|Any CPU
	EndGlobalSection
	GlobalSection(SolutionProperties) = preSolution
		HideSolutionNode = FALSE
	EndGlobalSection
	GlobalSection(ExtensibilityGlobals) = postSolution
		SolutionGuid = {4D8ACEF2-7985-4BC4-97B4-E237EA7FCBD3}
	EndGlobalSection
EndGlobal
